
Microsoft Visual Studio Solution File, Format Version 12.00
# Visual Studio 15
VisualStudioVersion = 15.0.28307.902
MinimumVisualStudioVersion = 10.0.40219.1
Project("{FAE04EC0-301F-11D3-BF4B-00C04F79EFBC}") = "APIGateway", "APIGateway\APIGateway.csproj", "{751DEB9C-A909-4CF1-B594-0BB497B27EA8}"
EndProject
Global
	GlobalSection(SolutionConfigurationPlatforms) = preSolution
		Debug|Any CPU = Debug|Any CPU
		Release|Any CPU = Release|Any CPU
	EndGlobalSection
	GlobalSection(ProjectConfigurationPlatforms) = postSolution
		{751DEB9C-A909-4CF1-B594-0BB497B27EA8}.Debug|Any CPU.ActiveCfg = Debug|Any CPU
		{751DEB9C-A909-4CF1-B594-0BB497B27EA8}.Debug|Any CPU.Build.0 = Debug|Any CPU
		{751DEB9C-A909-4CF1-B594-0BB497B27EA8}.Release|Any CPU.ActiveCfg = Release|Any CPU
		{751DEB9C-A909-4CF1-B594-0BB497B27EA8}.Release|Any CPU.Build.0 = Release|Any CPU
	EndGlobalSection
	GlobalSection(SolutionProperties) = preSolution
		HideSolutionNode = FALSE
	EndGlobalSection
	GlobalSection(ExtensibilityGlobals) = postSolution
		SolutionGuid = {213AA61F-9FEB-44B5-84EE-50981D521EBA}
	EndGlobalSection
EndGlobal
